<?xml version="1.0" encoding="UTF-8" standalone="yes" ?>
<CodeBlocks_project_file>
	<FileVersion major="1" minor="6" />
	<Project>
		<Option title="prueba 1.3" />
		<Option pch_mode="2" />
		<Option compiler="gcc" />
		<Build>
			<Target title="Debug">
				<Option output="bin/Debug/prueba 1.3" prefix_auto="1" extension_auto="1" />
				<Option object_output="obj/Debug/" />
				<Option type="1" />
				<Option compiler="gcc" />
				<Compiler>
					<Add option="-g" />
				</Compiler>
			</Target>
			<Target title="Release">
				<Option output="bin/Release/prueba 1.3" prefix_auto="1" extension_auto="1" />
				<Option object_output="obj/Release/" />
				<Option type="1" />
				<Option compiler="gcc" />
				<Compiler>
					<Add option="-O2" />
				</Compiler>
				<Linker>
					<Add option="-s" />
				</Linker>
			</Target>
		</Build>
		<Compiler>
			<Add option="-Wall" />
			<Add option="-fexceptions" />
		</Compiler>
		<Unit filename="Subcadenajordy.h">
			<Option target="&lt;{~None~}&gt;" />
		</Unit>
		<Unit filename="busquedajordy.h">
			<Option target="&lt;{~None~}&gt;" />
		</Unit>
		<Unit filename="comparacionjordy.h">
			<Option target="&lt;{~None~}&gt;" />
		</Unit>
		<Unit filename="conversionjordy.h">
			<Option target="&lt;{~None~}&gt;" />
		</Unit>
		<Unit filename="declararjordy.h">
			<Option target="&lt;{~None~}&gt;" />
		</Unit>
		<Unit filename="inversionjordy.h">
			<Option target="&lt;{~None~}&gt;" />
		</Unit>
		<Unit filename="longitujordy.h">
			<Option target="&lt;{~None~}&gt;" />
		</Unit>
		<Unit filename="main.cpp" />
		<Extensions />
	</Project>
</CodeBlocks_project_file>
